// !$*UTF8*$!
{
	archiveVersion = 1;
	classes = {
	};
	objectVersion = 46;
	objects = {

/* Begin PBXBuildFile section */
		3929C48C1E89EC2C00E00B60 /* AppDelegate.swift in Sources */ = {isa = PBXBuildFile; fileRef = 3929C48B1E89EC2C00E00B60 /* AppDelegate.swift */; };
		3929C48E1E89EC2C00E00B60 /* ViewController.swift in Sources */ = {isa = PBXBuildFile; fileRef = 3929C48D1E89EC2C00E00B60 /* ViewController.swift */; };
		3929C4911E89EC2C00E00B60 /* Main.storyboard in Resources */ = {isa = PBXBuildFile; fileRef = 3929C48F1E89EC2C00E00B60 /* Main.storyboard */; };
		3929C4931E89EC2C00E00B60 /* Assets.xcassets in Resources */ = {isa = PBXBuildFile; fileRef = 3929C4921E89EC2C00E00B60 /* Assets.xcassets */; };
		3929C49F1E89EE4400E00B60 /* Models.scnassets in Resources */ = {isa = PBXBuildFile; fileRef = 3929C49E1E89EE4400E00B60 /* Models.scnassets */; };
		392BB82C1EA19A7C00FBBAC8 /* Plane.swift in Sources */ = {isa = PBXBuildFile; fileRef = 392BB82B1EA19A7C00FBBAC8 /* Plane.swift */; };
		39C0B9511E9C63CB003FCA0C /* HitTestVisualization.swift in Sources */ = {isa = PBXBuildFile; fileRef = 39C0B9501E9C63CB003FCA0C /* HitTestVisualization.swift */; };
		39C0B9591E9C6B1F003FCA0C /* SettingsViewController.swift in Sources */ = {isa = PBXBuildFile; fileRef = 39C0B9571E9C6B1F003FCA0C /* SettingsViewController.swift */; };
		39C0B95A1E9C6B1F003FCA0C /* Utilities.swift in Sources */ = {isa = PBXBuildFile; fileRef = 39C0B9581E9C6B1F003FCA0C /* Utilities.swift */; };
		39D4A8BE1EA1AF530006EC65 /* PlaneDebugVisualization.swift in Sources */ = {isa = PBXBuildFile; fileRef = 39D4A8BD1EA1AF530006EC65 /* PlaneDebugVisualization.swift */; };
		39D8DC1B1E8ADAE600386B05 /* LaunchScreen.storyboard in Resources */ = {isa = PBXBuildFile; fileRef = 39D8DC1A1E8ADAE600386B05 /* LaunchScreen.storyboard */; };
		59292F8EEC3432BFBD2D18B6 /* Pods_ARKitExample.framework in Frameworks */ = {isa = PBXBuildFile; fileRef = 65C8E78F9939908831A93F6C /* Pods_ARKitExample.framework */; };
		6A25DA4E1F159D3F00DD7AFC /* Location.swift in Sources */ = {isa = PBXBuildFile; fileRef = 6A25DA4D1F159D3F00DD7AFC /* Location.swift */; };
		6A3F5A271F3242860013A67D /* Extensions.swift in Sources */ = {isa = PBXBuildFile; fileRef = 6A3F5A261F3242860013A67D /* Extensions.swift */; };
		6A3F5A2D1F3244DA0013A67D /* MenuBar.swift in Sources */ = {isa = PBXBuildFile; fileRef = 6A3F5A2C1F3244DA0013A67D /* MenuBar.swift */; };
		6A61055C1F2A5597009C852E /* AudioToolbox.framework in Frameworks */ = {isa = PBXBuildFile; fileRef = 6A61055B1F2A5589009C852E /* AudioToolbox.framework */; };
		6A6159361F105E7200715603 /* Picture.swift in Sources */ = {isa = PBXBuildFile; fileRef = 6A6159351F105E7200715603 /* Picture.swift */; };
		6A6159AE1F1540B800715603 /* CoreLocation.framework in Frameworks */ = {isa = PBXBuildFile; fileRef = 6A6159AD1F1540AC00715603 /* CoreLocation.framework */; };
		6AB764D01F1C2AEA002975A7 /* UIImage+Gif.swift in Sources */ = {isa = PBXBuildFile; fileRef = 6AB764CF1F1C2AEA002975A7 /* UIImage+Gif.swift */; };
		6ABA875A1F38EDEA00D7782C /* Content.swift in Sources */ = {isa = PBXBuildFile; fileRef = 6ABA87591F38EDEA00D7782C /* Content.swift */; };
		6AD086991F3273110035B6BC /* LibraryGrid.swift in Sources */ = {isa = PBXBuildFile; fileRef = 6AD086981F3273110035B6BC /* LibraryGrid.swift */; };
		6AD0869E1F339FC10035B6BC /* SwiftyJSON.framework in Frameworks */ = {isa = PBXBuildFile; fileRef = 6AD0869D1F339FC10035B6BC /* SwiftyJSON.framework */; };
		6AD0869F1F33BF310035B6BC /* Alamofire.framework in Frameworks */ = {isa = PBXBuildFile; fileRef = 6AD0869B1F338BFF0035B6BC /* Alamofire.framework */; };
		6AD086A11F33E1210035B6BC /* GifGrid.swift in Sources */ = {isa = PBXBuildFile; fileRef = 6AD086A01F33E1210035B6BC /* GifGrid.swift */; };
		B91FA0F01F438C5C00FE1D73 /* LoginViewController.swift in Sources */ = {isa = PBXBuildFile; fileRef = B91FA0EF1F438C5C00FE1D73 /* LoginViewController.swift */; };
		B92632301F44B6A400894CA7 /* LoginFlowHandler.swift in Sources */ = {isa = PBXBuildFile; fileRef = B926322F1F44B6A400894CA7 /* LoginFlowHandler.swift */; };
		B92632321F45189A00894CA7 /* Login.storyboard in Resources */ = {isa = PBXBuildFile; fileRef = B92632311F45189A00894CA7 /* Login.storyboard */; };
		B92632351F451AC200894CA7 /* RegisterViewController.swift in Sources */ = {isa = PBXBuildFile; fileRef = B92632341F451AC200894CA7 /* RegisterViewController.swift */; };
		B95313761F4C1D0B00D760E0 /* GoogleService-Info.plist in Resources */ = {isa = PBXBuildFile; fileRef = B9C88E8E1F4C1BA100B1C084 /* GoogleService-Info.plist */; };
		C41366B91EB80DD400EC054A /* TextManager.swift in Sources */ = {isa = PBXBuildFile; fileRef = C41366B81EB80DD400EC054A /* TextManager.swift */; };
		C4FBC02B1EC6438B003F7864 /* ARCameraTrackingState.swift in Sources */ = {isa = PBXBuildFile; fileRef = C4FBC02A1EC6438B003F7864 /* ARCameraTrackingState.swift */; };
/* End PBXBuildFile section */

/* Begin PBXFileReference section */
		11063F3B1EBE651B0033EE6D /* README.md */ = {isa = PBXFileReference; lastKnownFileType = net.daringfireball.markdown; path = README.md; sourceTree = "<group>"; };
		3929C4881E89EC2C00E00B60 /* ARKitExample.app */ = {isa = PBXFileReference; explicitFileType = wrapper.application; includeInIndex = 0; path = ARKitExample.app; sourceTree = BUILT_PRODUCTS_DIR; };
		3929C48B1E89EC2C00E00B60 /* AppDelegate.swift */ = {isa = PBXFileReference; lastKnownFileType = sourcecode.swift; path = AppDelegate.swift; sourceTree = "<group>"; };
		3929C48D1E89EC2C00E00B60 /* ViewController.swift */ = {isa = PBXFileReference; lastKnownFileType = sourcecode.swift; path = ViewController.swift; sourceTree = "<group>"; };
		3929C4901E89EC2C00E00B60 /* Base */ = {isa = PBXFileReference; lastKnownFileType = file.storyboard; name = Base; path = Base.lproj/Main.storyboard; sourceTree = "<group>"; };
		3929C4921E89EC2C00E00B60 /* Assets.xcassets */ = {isa = PBXFileReference; lastKnownFileType = folder.assetcatalog; path = Assets.xcassets; sourceTree = "<group>"; };
		3929C4971E89EC2C00E00B60 /* Info.plist */ = {isa = PBXFileReference; lastKnownFileType = text.plist.xml; path = Info.plist; sourceTree = "<group>"; };
		3929C49E1E89EE4400E00B60 /* Models.scnassets */ = {isa = PBXFileReference; lastKnownFileType = wrapper.scnassets; path = Models.scnassets; sourceTree = "<group>"; };
		392BB82B1EA19A7C00FBBAC8 /* Plane.swift */ = {isa = PBXFileReference; fileEncoding = 4; lastKnownFileType = sourcecode.swift; path = Plane.swift; sourceTree = "<group>"; };
		39C0B9501E9C63CB003FCA0C /* HitTestVisualization.swift */ = {isa = PBXFileReference; fileEncoding = 4; lastKnownFileType = sourcecode.swift; path = HitTestVisualization.swift; sourceTree = "<group>"; };
		39C0B9571E9C6B1F003FCA0C /* SettingsViewController.swift */ = {isa = PBXFileReference; fileEncoding = 4; lastKnownFileType = sourcecode.swift; path = SettingsViewController.swift; sourceTree = "<group>"; };
		39C0B9581E9C6B1F003FCA0C /* Utilities.swift */ = {isa = PBXFileReference; fileEncoding = 4; lastKnownFileType = sourcecode.swift; path = Utilities.swift; sourceTree = "<group>"; };
		39D4A8BD1EA1AF530006EC65 /* PlaneDebugVisualization.swift */ = {isa = PBXFileReference; fileEncoding = 4; lastKnownFileType = sourcecode.swift; path = PlaneDebugVisualization.swift; sourceTree = "<group>"; };
		39D8DC1A1E8ADAE600386B05 /* LaunchScreen.storyboard */ = {isa = PBXFileReference; fileEncoding = 4; lastKnownFileType = file.storyboard; name = LaunchScreen.storyboard; path = Base.lproj/LaunchScreen.storyboard; sourceTree = "<group>"; };
		65C8E78F9939908831A93F6C /* Pods_ARKitExample.framework */ = {isa = PBXFileReference; explicitFileType = wrapper.framework; includeInIndex = 0; path = Pods_ARKitExample.framework; sourceTree = BUILT_PRODUCTS_DIR; };
		6A25DA4D1F159D3F00DD7AFC /* Location.swift */ = {isa = PBXFileReference; lastKnownFileType = sourcecode.swift; path = Location.swift; sourceTree = "<group>"; };
		6A3F5A261F3242860013A67D /* Extensions.swift */ = {isa = PBXFileReference; lastKnownFileType = sourcecode.swift; path = Extensions.swift; sourceTree = "<group>"; };
		6A3F5A2C1F3244DA0013A67D /* MenuBar.swift */ = {isa = PBXFileReference; lastKnownFileType = sourcecode.swift; path = MenuBar.swift; sourceTree = "<group>"; };
		6A61055B1F2A5589009C852E /* AudioToolbox.framework */ = {isa = PBXFileReference; lastKnownFileType = wrapper.framework; name = AudioToolbox.framework; path = System/Library/Frameworks/AudioToolbox.framework; sourceTree = SDKROOT; };
		6A6159351F105E7200715603 /* Picture.swift */ = {isa = PBXFileReference; lastKnownFileType = sourcecode.swift; path = Picture.swift; sourceTree = "<group>"; };
		6A6159AD1F1540AC00715603 /* CoreLocation.framework */ = {isa = PBXFileReference; lastKnownFileType = wrapper.framework; name = CoreLocation.framework; path = System/Library/Frameworks/CoreLocation.framework; sourceTree = SDKROOT; };
		6AB764CC1F1C2A42002975A7 /* UIImage+Gif.swift */ = {isa = PBXFileReference; lastKnownFileType = sourcecode.swift; name = "UIImage+Gif.swift"; path = "Carthage/Checkouts/SwiftGif/SwiftGifCommon/UIImage+Gif.swift"; sourceTree = SOURCE_ROOT; };
		6AB764CF1F1C2AEA002975A7 /* UIImage+Gif.swift */ = {isa = PBXFileReference; fileEncoding = 4; lastKnownFileType = sourcecode.swift; path = "UIImage+Gif.swift"; sourceTree = "<group>"; };
		6ABA87591F38EDEA00D7782C /* Content.swift */ = {isa = PBXFileReference; lastKnownFileType = sourcecode.swift; path = Content.swift; sourceTree = "<group>"; };
		6AD086981F3273110035B6BC /* LibraryGrid.swift */ = {isa = PBXFileReference; lastKnownFileType = sourcecode.swift; path = LibraryGrid.swift; sourceTree = "<group>"; };
		6AD0869B1F338BFF0035B6BC /* Alamofire.framework */ = {isa = PBXFileReference; lastKnownFileType = wrapper.framework; name = Alamofire.framework; path = "../../Library/Developer/Xcode/DerivedData/ARKitExample-gcladahytrxtuzgdrkqbdipyvwtm/Build/Products/Debug-iphoneos/Alamofire/Alamofire.framework"; sourceTree = "<group>"; };
		6AD0869D1F339FC10035B6BC /* SwiftyJSON.framework */ = {isa = PBXFileReference; lastKnownFileType = wrapper.framework; name = SwiftyJSON.framework; path = "../../Library/Developer/Xcode/DerivedData/ARKitExample-gcladahytrxtuzgdrkqbdipyvwtm/Build/Products/Debug-iphoneos/SwiftyJSON/SwiftyJSON.framework"; sourceTree = "<group>"; };
		6AD086A01F33E1210035B6BC /* GifGrid.swift */ = {isa = PBXFileReference; lastKnownFileType = sourcecode.swift; path = GifGrid.swift; sourceTree = "<group>"; };
		6B8934468F0B50F9E4D0A08A /* Pods-ARKitExample.debug.xcconfig */ = {isa = PBXFileReference; includeInIndex = 1; lastKnownFileType = text.xcconfig; name = "Pods-ARKitExample.debug.xcconfig"; path = "Pods/Target Support Files/Pods-ARKitExample/Pods-ARKitExample.debug.xcconfig"; sourceTree = "<group>"; };
		B90A8E131F2BCE7B00064CDA /* delete.png */ = {isa = PBXFileReference; lastKnownFileType = image.png; path = delete.png; sourceTree = "<group>"; };
		B91FA0EF1F438C5C00FE1D73 /* LoginViewController.swift */ = {isa = PBXFileReference; lastKnownFileType = sourcecode.swift; path = LoginViewController.swift; sourceTree = "<group>"; };
		B91FA0F11F43A5E800FE1D73 /* ARKitExample.entitlements */ = {isa = PBXFileReference; lastKnownFileType = text.plist.entitlements; path = ARKitExample.entitlements; sourceTree = "<group>"; };
		B926322F1F44B6A400894CA7 /* LoginFlowHandler.swift */ = {isa = PBXFileReference; lastKnownFileType = sourcecode.swift; path = LoginFlowHandler.swift; sourceTree = "<group>"; };
		B92632311F45189A00894CA7 /* Login.storyboard */ = {isa = PBXFileReference; lastKnownFileType = file.storyboard; path = Login.storyboard; sourceTree = "<group>"; };
		B92632341F451AC200894CA7 /* RegisterViewController.swift */ = {isa = PBXFileReference; lastKnownFileType = sourcecode.swift; path = RegisterViewController.swift; sourceTree = "<group>"; };
		B9C7210C1F8E7EE6006BB31D /* brick.jpg */ = {isa = PBXFileReference; lastKnownFileType = image.jpeg; path = brick.jpg; sourceTree = "<group>"; };
		B9C88E8E1F4C1BA100B1C084 /* GoogleService-Info.plist */ = {isa = PBXFileReference; lastKnownFileType = text.plist.xml; path = "GoogleService-Info.plist"; sourceTree = "<group>"; };
		C41366B81EB80DD400EC054A /* TextManager.swift */ = {isa = PBXFileReference; lastKnownFileType = sourcecode.swift; path = TextManager.swift; sourceTree = "<group>"; };
		C4FBC02A1EC6438B003F7864 /* ARCameraTrackingState.swift */ = {isa = PBXFileReference; fileEncoding = 4; lastKnownFileType = sourcecode.swift; path = ARCameraTrackingState.swift; sourceTree = "<group>"; };
		C7F76951F8992F473202F831 /* LICENSE.txt */ = {isa = PBXFileReference; includeInIndex = 1; lastKnownFileType = text; path = LICENSE.txt; sourceTree = "<group>"; };
		D6297B48C7926B95F793A435 /* Pods-ARKitExample.release.xcconfig */ = {isa = PBXFileReference; includeInIndex = 1; lastKnownFileType = text.xcconfig; name = "Pods-ARKitExample.release.xcconfig"; path = "Pods/Target Support Files/Pods-ARKitExample/Pods-ARKitExample.release.xcconfig"; sourceTree = "<group>"; };
/* End PBXFileReference section */

/* Begin PBXFrameworksBuildPhase section */
		3929C4851E89EC2C00E00B60 /* Frameworks */ = {
			isa = PBXFrameworksBuildPhase;
			buildActionMask = 2147483647;
			files = (
				6AD0869F1F33BF310035B6BC /* Alamofire.framework in Frameworks */,
				6AD0869E1F339FC10035B6BC /* SwiftyJSON.framework in Frameworks */,
				6A61055C1F2A5597009C852E /* AudioToolbox.framework in Frameworks */,
				6A6159AE1F1540B800715603 /* CoreLocation.framework in Frameworks */,
				59292F8EEC3432BFBD2D18B6 /* Pods_ARKitExample.framework in Frameworks */,
			);
			runOnlyForDeploymentPostprocessing = 0;
		};
/* End PBXFrameworksBuildPhase section */

/* Begin PBXGroup section */
		113B64D01ECA81CA0071CBD1 /* UI Elements */ = {
			isa = PBXGroup;
			children = (
				6AB764CC1F1C2A42002975A7 /* UIImage+Gif.swift */,
				392BB82B1EA19A7C00FBBAC8 /* Plane.swift */,
				39D4A8BD1EA1AF530006EC65 /* PlaneDebugVisualization.swift */,
				39C0B9501E9C63CB003FCA0C /* HitTestVisualization.swift */,
			);
			path = "UI Elements";
			sourceTree = "<group>";
		};
		3929C47F1E89EC2C00E00B60 = {
			isa = PBXGroup;
			children = (
				11063F3B1EBE651B0033EE6D /* README.md */,
				3929C48A1E89EC2C00E00B60 /* ARKitExample */,
				3929C4891E89EC2C00E00B60 /* Products */,
				CC6CF3D48B06681D66F6DE20 /* Configuration */,
				9C8A8E986AF37F2203F141AB /* LICENSE */,
				5B688EC4F4AEBC95C78C501B /* Pods */,
				E23A930AB9F74D4889073628 /* Frameworks */,
			);
			sourceTree = "<group>";
		};
		3929C4891E89EC2C00E00B60 /* Products */ = {
			isa = PBXGroup;
			children = (
				3929C4881E89EC2C00E00B60 /* ARKitExample.app */,
			);
			name = Products;
			sourceTree = "<group>";
		};
		3929C48A1E89EC2C00E00B60 /* ARKitExample */ = {
			isa = PBXGroup;
			children = (
				B91FA0F11F43A5E800FE1D73 /* ARKitExample.entitlements */,
				6A3F5A2A1F3244160013A67D /* Model */,
				6A3F5A281F3243B40013A67D /* View */,
				6A3F5A291F3243C40013A67D /* Controller */,
				6A25DA4D1F159D3F00DD7AFC /* Location.swift */,
				3929C48B1E89EC2C00E00B60 /* AppDelegate.swift */,
				B926322F1F44B6A400894CA7 /* LoginFlowHandler.swift */,
				6A3F5A2B1F3244240013A67D /* Helper */,
				113B64D01ECA81CA0071CBD1 /* UI Elements */,
				C41366B81EB80DD400EC054A /* TextManager.swift */,
				6A6159351F105E7200715603 /* Picture.swift */,
				C4FBC02A1EC6438B003F7864 /* ARCameraTrackingState.swift */,
				39C0B9581E9C6B1F003FCA0C /* Utilities.swift */,
				B90A8E131F2BCE7B00064CDA /* delete.png */,
				B9C7210C1F8E7EE6006BB31D /* brick.jpg */,
				3929C49E1E89EE4400E00B60 /* Models.scnassets */,
				3929C4921E89EC2C00E00B60 /* Assets.xcassets */,
				B9C88E8E1F4C1BA100B1C084 /* GoogleService-Info.plist */,
				3929C4971E89EC2C00E00B60 /* Info.plist */,
				3929C48F1E89EC2C00E00B60 /* Main.storyboard */,
				B92632311F45189A00894CA7 /* Login.storyboard */,
				39D8DC1A1E8ADAE600386B05 /* LaunchScreen.storyboard */,
			);
			path = ARKitExample;
			sourceTree = "<group>";
		};
		5B688EC4F4AEBC95C78C501B /* Pods */ = {
			isa = PBXGroup;
			children = (
				6B8934468F0B50F9E4D0A08A /* Pods-ARKitExample.debug.xcconfig */,
				D6297B48C7926B95F793A435 /* Pods-ARKitExample.release.xcconfig */,
			);
			name = Pods;
			sourceTree = "<group>";
		};
		6A3F5A281F3243B40013A67D /* View */ = {
			isa = PBXGroup;
			children = (
				6A3F5A2C1F3244DA0013A67D /* MenuBar.swift */,
				6AD086981F3273110035B6BC /* LibraryGrid.swift */,
				6AD086A01F33E1210035B6BC /* GifGrid.swift */,
			);
			name = View;
			sourceTree = "<group>";
		};
		6A3F5A291F3243C40013A67D /* Controller */ = {
			isa = PBXGroup;
			children = (
				B92632331F451A6C00894CA7 /* LoginControllers */,
				3929C48D1E89EC2C00E00B60 /* ViewController.swift */,
				39C0B9571E9C6B1F003FCA0C /* SettingsViewController.swift */,
			);
			name = Controller;
			sourceTree = "<group>";
		};
		6A3F5A2A1F3244160013A67D /* Model */ = {
			isa = PBXGroup;
			children = (
				6ABA87591F38EDEA00D7782C /* Content.swift */,
			);
			name = Model;
			sourceTree = "<group>";
		};
		6A3F5A2B1F3244240013A67D /* Helper */ = {
			isa = PBXGroup;
			children = (
				6AB764CF1F1C2AEA002975A7 /* UIImage+Gif.swift */,
				6A3F5A261F3242860013A67D /* Extensions.swift */,
			);
			name = Helper;
			sourceTree = "<group>";
		};
		9C8A8E986AF37F2203F141AB /* LICENSE */ = {
			isa = PBXGroup;
			children = (
				C7F76951F8992F473202F831 /* LICENSE.txt */,
			);
			path = LICENSE;
			sourceTree = "<group>";
		};
		B92632331F451A6C00894CA7 /* LoginControllers */ = {
			isa = PBXGroup;
			children = (
				B91FA0EF1F438C5C00FE1D73 /* LoginViewController.swift */,
				B92632341F451AC200894CA7 /* RegisterViewController.swift */,
			);
			name = LoginControllers;
			sourceTree = "<group>";
		};
		CC6CF3D48B06681D66F6DE20 /* Configuration */ = {
			isa = PBXGroup;
			children = (
			);
			name = Configuration;
			sourceTree = "<group>";
		};
		E23A930AB9F74D4889073628 /* Frameworks */ = {
			isa = PBXGroup;
			children = (
				6AD0869D1F339FC10035B6BC /* SwiftyJSON.framework */,
				6AD0869B1F338BFF0035B6BC /* Alamofire.framework */,
				6A61055B1F2A5589009C852E /* AudioToolbox.framework */,
				6A6159AD1F1540AC00715603 /* CoreLocation.framework */,
				65C8E78F9939908831A93F6C /* Pods_ARKitExample.framework */,
			);
			name = Frameworks;
			sourceTree = "<group>";
		};
/* End PBXGroup section */

/* Begin PBXNativeTarget section */
		3929C4871E89EC2C00E00B60 /* ARKitExample */ = {
			isa = PBXNativeTarget;
			buildConfigurationList = 3929C49A1E89EC2C00E00B60 /* Build configuration list for PBXNativeTarget "ARKitExample" */;
			buildPhases = (
				FA5FBB375C3EBB085BE73247 /* [CP] Check Pods Manifest.lock */,
				3929C4841E89EC2C00E00B60 /* Sources */,
				3929C4851E89EC2C00E00B60 /* Frameworks */,
				3929C4861E89EC2C00E00B60 /* Resources */,
				9134AE337F1FB5007E88E0B8 /* [CP] Embed Pods Frameworks */,
				3A23A226777D893AFF3E7700 /* [CP] Copy Pods Resources */,
			);
			buildRules = (
			);
			dependencies = (
			);
			name = ARKitExample;
			productName = ARKitExample;
			productReference = 3929C4881E89EC2C00E00B60 /* ARKitExample.app */;
			productType = "com.apple.product-type.application";
		};
/* End PBXNativeTarget section */

/* Begin PBXProject section */
		3929C4801E89EC2C00E00B60 /* Project object */ = {
			isa = PBXProject;
			attributes = {
				LastSwiftUpdateCheck = 0900;
				LastUpgradeCheck = 0900;
				ORGANIZATIONNAME = Apple;
				TargetAttributes = {
					3929C4871E89EC2C00E00B60 = {
						CreatedOnToolsVersion = 9.0;
						DevelopmentTeam = 3JQ473334H;
						LastSwiftMigration = 0900;
						ProvisioningStyle = Automatic;
						SystemCapabilities = {
							com.apple.Keychain = {
								enabled = 1;
							};
						};
					};
				};
			};
			buildConfigurationList = 3929C4831E89EC2C00E00B60 /* Build configuration list for PBXProject "ARKitExample" */;
			compatibilityVersion = "Xcode 3.2";
			developmentRegion = English;
			hasScannedForEncodings = 0;
			knownRegions = (
				en,
				Base,
			);
			mainGroup = 3929C47F1E89EC2C00E00B60;
			productRefGroup = 3929C4891E89EC2C00E00B60 /* Products */;
			projectDirPath = "";
			projectRoot = "";
			targets = (
				3929C4871E89EC2C00E00B60 /* ARKitExample */,
			);
		};
/* End PBXProject section */

/* Begin PBXResourcesBuildPhase section */
		3929C4861E89EC2C00E00B60 /* Resources */ = {
			isa = PBXResourcesBuildPhase;
			buildActionMask = 2147483647;
			files = (
				3929C49F1E89EE4400E00B60 /* Models.scnassets in Resources */,
				39D8DC1B1E8ADAE600386B05 /* LaunchScreen.storyboard in Resources */,
				B92632321F45189A00894CA7 /* Login.storyboard in Resources */,
				3929C4931E89EC2C00E00B60 /* Assets.xcassets in Resources */,
				3929C4911E89EC2C00E00B60 /* Main.storyboard in Resources */,
				B95313761F4C1D0B00D760E0 /* GoogleService-Info.plist in Resources */,
			);
			runOnlyForDeploymentPostprocessing = 0;
		};
/* End PBXResourcesBuildPhase section */

/* Begin PBXShellScriptBuildPhase section */
		3A23A226777D893AFF3E7700 /* [CP] Copy Pods Resources */ = {
			isa = PBXShellScriptBuildPhase;
			buildActionMask = 2147483647;
			files = (
			);
			inputPaths = (
			);
			name = "[CP] Copy Pods Resources";
			outputPaths = (
			);
			runOnlyForDeploymentPostprocessing = 0;
			shellPath = /bin/sh;
			shellScript = "\"${SRCROOT}/Pods/Target Support Files/Pods-ARKitExample/Pods-ARKitExample-resources.sh\"\n";
			showEnvVarsInLog = 0;
		};
		9134AE337F1FB5007E88E0B8 /* [CP] Embed Pods Frameworks */ = {
			isa = PBXShellScriptBuildPhase;
			buildActionMask = 2147483647;
			files = (
			);
			inputPaths = (
			);
			name = "[CP] Embed Pods Frameworks";
			outputPaths = (
			);
			runOnlyForDeploymentPostprocessing = 0;
			shellPath = /bin/sh;
			shellScript = "\"${SRCROOT}/Pods/Target Support Files/Pods-ARKitExample/Pods-ARKitExample-frameworks.sh\"\n";
			showEnvVarsInLog = 0;
		};
		FA5FBB375C3EBB085BE73247 /* [CP] Check Pods Manifest.lock */ = {
			isa = PBXShellScriptBuildPhase;
			buildActionMask = 2147483647;
			files = (
			);
			inputPaths = (
			);
			name = "[CP] Check Pods Manifest.lock";
			outputPaths = (
			);
			runOnlyForDeploymentPostprocessing = 0;
			shellPath = /bin/sh;
			shellScript = "diff \"${PODS_PODFILE_DIR_PATH}/Podfile.lock\" \"${PODS_ROOT}/Manifest.lock\" > /dev/null\nif [ $? != 0 ] ; then\n    # print error to STDERR\n    echo \"error: The sandbox is not in sync with the Podfile.lock. Run 'pod install' or update your CocoaPods installation.\" >&2\n    exit 1\nfi\n";
			showEnvVarsInLog = 0;
		};
/* End PBXShellScriptBuildPhase section */

/* Begin PBXSourcesBuildPhase section */
		3929C4841E89EC2C00E00B60 /* Sources */ = {
			isa = PBXSourcesBuildPhase;
			buildActionMask = 2147483647;
			files = (
				B91FA0F01F438C5C00FE1D73 /* LoginViewController.swift in Sources */,
				B92632301F44B6A400894CA7 /* LoginFlowHandler.swift in Sources */,
				39C0B9511E9C63CB003FCA0C /* HitTestVisualization.swift in Sources */,
				3929C48E1E89EC2C00E00B60 /* ViewController.swift in Sources */,
				C41366B91EB80DD400EC054A /* TextManager.swift in Sources */,
				39C0B95A1E9C6B1F003FCA0C /* Utilities.swift in Sources */,
				6AB764D01F1C2AEA002975A7 /* UIImage+Gif.swift in Sources */,
				6ABA875A1F38EDEA00D7782C /* Content.swift in Sources */,
				392BB82C1EA19A7C00FBBAC8 /* Plane.swift in Sources */,
				6A25DA4E1F159D3F00DD7AFC /* Location.swift in Sources */,
				6AD086A11F33E1210035B6BC /* GifGrid.swift in Sources */,
				B92632351F451AC200894CA7 /* RegisterViewController.swift in Sources */,
				39D4A8BE1EA1AF530006EC65 /* PlaneDebugVisualization.swift in Sources */,
				39C0B9591E9C6B1F003FCA0C /* SettingsViewController.swift in Sources */,
				6AD086991F3273110035B6BC /* LibraryGrid.swift in Sources */,
				6A6159361F105E7200715603 /* Picture.swift in Sources */,
				3929C48C1E89EC2C00E00B60 /* AppDelegate.swift in Sources */,
				C4FBC02B1EC6438B003F7864 /* ARCameraTrackingState.swift in Sources */,
				6A3F5A271F3242860013A67D /* Extensions.swift in Sources */,
				6A3F5A2D1F3244DA0013A67D /* MenuBar.swift in Sources */,
			);
			runOnlyForDeploymentPostprocessing = 0;
		};
/* End PBXSourcesBuildPhase section */

/* Begin PBXVariantGroup section */
		3929C48F1E89EC2C00E00B60 /* Main.storyboard */ = {
			isa = PBXVariantGroup;
			children = (
				3929C4901E89EC2C00E00B60 /* Base */,
			);
			name = Main.storyboard;
			sourceTree = "<group>";
		};
/* End PBXVariantGroup section */

/* Begin XCBuildConfiguration section */
		3929C4981E89EC2C00E00B60 /* Debug */ = {
			isa = XCBuildConfiguration;
			buildSettings = {
				ALWAYS_SEARCH_USER_PATHS = NO;
				CLANG_ANALYZER_NONNULL = YES;
				CLANG_ANALYZER_NUMBER_OBJECT_CONVERSION = YES_AGGRESSIVE;
				CLANG_CXX_LANGUAGE_STANDARD = "gnu++0x";
				CLANG_CXX_LIBRARY = "libc++";
				CLANG_ENABLE_MODULES = YES;
				CLANG_ENABLE_OBJC_ARC = YES;
				CLANG_WARN_BLOCK_CAPTURE_AUTORELEASING = YES;
				CLANG_WARN_BOOL_CONVERSION = YES;
				CLANG_WARN_COMMA = YES;
				CLANG_WARN_CONSTANT_CONVERSION = YES;
				CLANG_WARN_DIRECT_OBJC_ISA_USAGE = YES_ERROR;
				CLANG_WARN_DOCUMENTATION_COMMENTS = YES;
				CLANG_WARN_EMPTY_BODY = YES;
				CLANG_WARN_ENUM_CONVERSION = YES;
				CLANG_WARN_INFINITE_RECURSION = YES;
				CLANG_WARN_INT_CONVERSION = YES;
				CLANG_WARN_NON_LITERAL_NULL_CONVERSION = YES;
				CLANG_WARN_OBJC_LITERAL_CONVERSION = YES;
				CLANG_WARN_OBJC_ROOT_CLASS = YES_ERROR;
				CLANG_WARN_RANGE_LOOP_ANALYSIS = YES;
				CLANG_WARN_STRICT_PROTOTYPES = YES;
				CLANG_WARN_SUSPICIOUS_MOVE = YES;
				CLANG_WARN_UNREACHABLE_CODE = YES;
				CLANG_WARN__DUPLICATE_METHOD_MATCH = YES;
				CODE_SIGN_IDENTITY = "iPhone Developer: andrewjzhou@gmail.com (WNF97V765Z)";
				"CODE_SIGN_IDENTITY[sdk=iphoneos*]" = "iPhone Developer: andrewjzhou@gmail.com (WNF97V765Z)";
				COPY_PHASE_STRIP = NO;
				DEBUG_INFORMATION_FORMAT = dwarf;
				ENABLE_STRICT_OBJC_MSGSEND = YES;
				ENABLE_TESTABILITY = YES;
				GCC_C_LANGUAGE_STANDARD = gnu99;
				GCC_DYNAMIC_NO_PIC = NO;
				GCC_NO_COMMON_BLOCKS = YES;
				GCC_OPTIMIZATION_LEVEL = 0;
				GCC_PREPROCESSOR_DEFINITIONS = (
					"DEBUG=1",
					"$(inherited)",
				);
				GCC_WARN_64_TO_32_BIT_CONVERSION = YES;
				GCC_WARN_ABOUT_RETURN_TYPE = YES_ERROR;
				GCC_WARN_UNDECLARED_SELECTOR = YES;
				GCC_WARN_UNINITIALIZED_AUTOS = YES_AGGRESSIVE;
				GCC_WARN_UNUSED_FUNCTION = YES;
				GCC_WARN_UNUSED_VARIABLE = YES;
				IPHONEOS_DEPLOYMENT_TARGET = 11.0;
				MTL_ENABLE_DEBUG_INFO = YES;
				ONLY_ACTIVE_ARCH = YES;
				SDKROOT = iphoneos;
				SWIFT_ACTIVE_COMPILATION_CONDITIONS = DEBUG;
				SWIFT_OPTIMIZATION_LEVEL = "-Onone";
				TARGETED_DEVICE_FAMILY = "1,2";
			};
			name = Debug;
		};
		3929C4991E89EC2C00E00B60 /* Release */ = {
			isa = XCBuildConfiguration;
			buildSettings = {
				ALWAYS_SEARCH_USER_PATHS = NO;
				CLANG_ANALYZER_NONNULL = YES;
				CLANG_ANALYZER_NUMBER_OBJECT_CONVERSION = YES_AGGRESSIVE;
				CLANG_CXX_LANGUAGE_STANDARD = "gnu++0x";
				CLANG_CXX_LIBRARY = "libc++";
				CLANG_ENABLE_MODULES = YES;
				CLANG_ENABLE_OBJC_ARC = YES;
				CLANG_WARN_BLOCK_CAPTURE_AUTORELEASING = YES;
				CLANG_WARN_BOOL_CONVERSION = YES;
				CLANG_WARN_COMMA = YES;
				CLANG_WARN_CONSTANT_CONVERSION = YES;
				CLANG_WARN_DIRECT_OBJC_ISA_USAGE = YES_ERROR;
				CLANG_WARN_DOCUMENTATION_COMMENTS = YES;
				CLANG_WARN_EMPTY_BODY = YES;
				CLANG_WARN_ENUM_CONVERSION = YES;
				CLANG_WARN_INFINITE_RECURSION = YES;
				CLANG_WARN_INT_CONVERSION = YES;
				CLANG_WARN_NON_LITERAL_NULL_CONVERSION = YES;
				CLANG_WARN_OBJC_LITERAL_CONVERSION = YES;
				CLANG_WARN_OBJC_ROOT_CLASS = YES_ERROR;
				CLANG_WARN_RANGE_LOOP_ANALYSIS = YES;
				CLANG_WARN_STRICT_PROTOTYPES = YES;
				CLANG_WARN_SUSPICIOUS_MOVE = YES;
				CLANG_WARN_UNREACHABLE_CODE = YES;
				CLANG_WARN__DUPLICATE_METHOD_MATCH = YES;
				CODE_SIGN_IDENTITY = "iPhone Developer: andrewjzhou@gmail.com (WNF97V765Z)";
				"CODE_SIGN_IDENTITY[sdk=iphoneos*]" = "iPhone Developer: andrewjzhou@gmail.com (WNF97V765Z)";
				COPY_PHASE_STRIP = NO;
				DEBUG_INFORMATION_FORMAT = "dwarf-with-dsym";
				ENABLE_NS_ASSERTIONS = NO;
				ENABLE_STRICT_OBJC_MSGSEND = YES;
				GCC_C_LANGUAGE_STANDARD = gnu99;
				GCC_NO_COMMON_BLOCKS = YES;
				GCC_WARN_64_TO_32_BIT_CONVERSION = YES;
				GCC_WARN_ABOUT_RETURN_TYPE = YES_ERROR;
				GCC_WARN_UNDECLARED_SELECTOR = YES;
				GCC_WARN_UNINITIALIZED_AUTOS = YES_AGGRESSIVE;
				GCC_WARN_UNUSED_FUNCTION = YES;
				GCC_WARN_UNUSED_VARIABLE = YES;
				IPHONEOS_DEPLOYMENT_TARGET = 11.0;
				MTL_ENABLE_DEBUG_INFO = NO;
				SDKROOT = iphoneos;
				SWIFT_OPTIMIZATION_LEVEL = "-Owholemodule";
				TARGETED_DEVICE_FAMILY = "1,2";
				VALIDATE_PRODUCT = YES;
			};
			name = Release;
		};
		3929C49B1E89EC2C00E00B60 /* Debug */ = {
			isa = XCBuildConfiguration;
			baseConfigurationReference = 6B8934468F0B50F9E4D0A08A /* Pods-ARKitExample.debug.xcconfig */;
			buildSettings = {
				ASSETCATALOG_COMPILER_APPICON_NAME = AppIcon;
				CODE_SIGN_ENTITLEMENTS = ARKitExample/ARKitExample.entitlements;
				CODE_SIGN_IDENTITY = "-";
				"CODE_SIGN_IDENTITY[sdk=iphoneos*]" = "iPhone Developer";
				CODE_SIGN_STYLE = Automatic;
				DEVELOPMENT_TEAM = 3JQ473334H;
				INFOPLIST_FILE = ARKitExample/Info.plist;
				LD_RUNPATH_SEARCH_PATHS = "$(inherited) @executable_path/Frameworks";
				PRODUCT_BUNDLE_IDENTIFIER = com.andreasdias9.Picto;
				PRODUCT_NAME = "$(TARGET_NAME)";
				PROVISIONING_PROFILE_SPECIFIER = "";
				SWIFT_SWIFT3_OBJC_INFERENCE = Default;
				SWIFT_VERSION = 4.0;
				TARGETED_DEVICE_FAMILY = "1,2";
			};
			name = Debug;
		};
		3929C49C1E89EC2C00E00B60 /* Release */ = {
			isa = XCBuildConfiguration;
			baseConfigurationReference = D6297B48C7926B95F793A435 /* Pods-ARKitExample.release.xcconfig */;
			buildSettings = {
				ASSETCATALOG_COMPILER_APPICON_NAME = AppIcon;
				CODE_SIGN_ENTITLEMENTS = ARKitExample/ARKitExample.entitlements;
				CODE_SIGN_IDENTITY = "-";
				"CODE_SIGN_IDENTITY[sdk=iphoneos*]" = "iPhone Developer";
				CODE_SIGN_STYLE = Automatic;
				DEVELOPMENT_TEAM = 3JQ473334H;
				INFOPLIST_FILE = ARKitExample/Info.plist;
				LD_RUNPATH_SEARCH_PATHS = "$(inherited) @executable_path/Frameworks";
				PRODUCT_BUNDLE_IDENTIFIER = com.andreasdias9.Picto;
				PRODUCT_NAME = "$(TARGET_NAME)";
				PROVISIONING_PROFILE_SPECIFIER = "";
				SWIFT_SWIFT3_OBJC_INFERENCE = Default;
				SWIFT_VERSION = 4.0;
				TARGETED_DEVICE_FAMILY = "1,2";
			};
			name = Release;
		};
/* End XCBuildConfiguration section */

/* Begin XCConfigurationList section */
		3929C4831E89EC2C00E00B60 /* Build configuration list for PBXProject "ARKitExample" */ = {
			isa = XCConfigurationList;
			buildConfigurations = (
				3929C4981E89EC2C00E00B60 /* Debug */,
				3929C4991E89EC2C00E00B60 /* Release */,
			);
			defaultConfigurationIsVisible = 0;
			defaultConfigurationName = Release;
		};
		3929C49A1E89EC2C00E00B60 /* Build configuration list for PBXNativeTarget "ARKitExample" */ = {
			isa = XCConfigurationList;
			buildConfigurations = (
				3929C49B1E89EC2C00E00B60 /* Debug */,
				3929C49C1E89EC2C00E00B60 /* Release */,
			);
			defaultConfigurationIsVisible = 0;
			defaultConfigurationName = Release;
		};
/* End XCConfigurationList section */
	};
	rootObject = 3929C4801E89EC2C00E00B60 /* Project object */;
}
