// !$*UTF8*$!
{
	archiveVersion = 1;
	classes = {
	};
	objectVersion = 46;
	objects = {

/* Begin PBXBuildFile section */
		3929C48C1E89EC2C00E00B60 /* AppDelegate.swift in Sources */ = {isa = PBXBuildFile; fileRef = 3929C48B1E89EC2C00E00B60 /* AppDelegate.swift */; };
		3929C48E1E89EC2C00E00B60 /* ViewController.swift in Sources */ = {isa = PBXBuildFile; fileRef = 3929C48D1E89EC2C00E00B60 /* ViewController.swift */; };
		3929C4911E89EC2C00E00B60 /* Main.storyboard in Resources */ = {isa = PBXBuildFile; fileRef = 3929C48F1E89EC2C00E00B60 /* Main.storyboard */; };
		3929C4931E89EC2C00E00B60 /* Assets.xcassets in Resources */ = {isa = PBXBuildFile; fileRef = 3929C4921E89EC2C00E00B60 /* Assets.xcassets */; };
		3929C49F1E89EE4400E00B60 /* Models.scnassets in Resources */ = {isa = PBXBuildFile; fileRef = 3929C49E1E89EE4400E00B60 /* Models.scnassets */; };
		392BB82C1EA19A7C00FBBAC8 /* Plane.swift in Sources */ = {isa = PBXBuildFile; fileRef = 392BB82B1EA19A7C00FBBAC8 /* Plane.swift */; };
		39C0B9511E9C63CB003FCA0C /* HitTestVisualization.swift in Sources */ = {isa = PBXBuildFile; fileRef = 39C0B9501E9C63CB003FCA0C /* HitTestVisualization.swift */; };
		39C0B9591E9C6B1F003FCA0C /* SettingsViewController.swift in Sources */ = {isa = PBXBuildFile; fileRef = 39C0B9571E9C6B1F003FCA0C /* SettingsViewController.swift */; };
		39C0B95A1E9C6B1F003FCA0C /* Utilities.swift in Sources */ = {isa = PBXBuildFile; fileRef = 39C0B9581E9C6B1F003FCA0C /* Utilities.swift */; };
		39D4A8BE1EA1AF530006EC65 /* PlaneDebugVisualization.swift in Sources */ = {isa = PBXBuildFile; fileRef = 39D4A8BD1EA1AF530006EC65 /* PlaneDebugVisualization.swift */; };
		39D8DC1B1E8ADAE600386B05 /* LaunchScreen.storyboard in Resources */ = {isa = PBXBuildFile; fileRef = 39D8DC1A1E8ADAE600386B05 /* LaunchScreen.storyboard */; };
		6338D685C2EAF1AF967729BD /* Pods_Picto.framework in Frameworks */ = {isa = PBXBuildFile; fileRef = 6382F6FD4ACD155B3D1BFAC1 /* Pods_Picto.framework */; };
		6A25DA4E1F159D3F00DD7AFC /* Location.swift in Sources */ = {isa = PBXBuildFile; fileRef = 6A25DA4D1F159D3F00DD7AFC /* Location.swift */; };
		6A3F5A271F3242860013A67D /* Extensions.swift in Sources */ = {isa = PBXBuildFile; fileRef = 6A3F5A261F3242860013A67D /* Extensions.swift */; };
		6A3F5A2D1F3244DA0013A67D /* MenuBar.swift in Sources */ = {isa = PBXBuildFile; fileRef = 6A3F5A2C1F3244DA0013A67D /* MenuBar.swift */; };
		6A61055C1F2A5597009C852E /* AudioToolbox.framework in Frameworks */ = {isa = PBXBuildFile; fileRef = 6A61055B1F2A5589009C852E /* AudioToolbox.framework */; };
		6A6159361F105E7200715603 /* Picture.swift in Sources */ = {isa = PBXBuildFile; fileRef = 6A6159351F105E7200715603 /* Picture.swift */; };
		6A6159AE1F1540B800715603 /* CoreLocation.framework in Frameworks */ = {isa = PBXBuildFile; fileRef = 6A6159AD1F1540AC00715603 /* CoreLocation.framework */; };
		6AB764D01F1C2AEA002975A7 /* UIImage+Gif.swift in Sources */ = {isa = PBXBuildFile; fileRef = 6AB764CF1F1C2AEA002975A7 /* UIImage+Gif.swift */; };
		6ABA875A1F38EDEA00D7782C /* Content.swift in Sources */ = {isa = PBXBuildFile; fileRef = 6ABA87591F38EDEA00D7782C /* Content.swift */; };
		6AD086991F3273110035B6BC /* LibraryGrid.swift in Sources */ = {isa = PBXBuildFile; fileRef = 6AD086981F3273110035B6BC /* LibraryGrid.swift */; };
		6AD0869E1F339FC10035B6BC /* SwiftyJSON.framework in Frameworks */ = {isa = PBXBuildFile; fileRef = 6AD0869D1F339FC10035B6BC /* SwiftyJSON.framework */; };
		6AD0869F1F33BF310035B6BC /* Alamofire.framework in Frameworks */ = {isa = PBXBuildFile; fileRef = 6AD0869B1F338BFF0035B6BC /* Alamofire.framework */; };
		6AD086A11F33E1210035B6BC /* GifGrid.swift in Sources */ = {isa = PBXBuildFile; fileRef = 6AD086A01F33E1210035B6BC /* GifGrid.swift */; };
		B919116F1FB42A0C005BE2CE /* ProfileViewController.swift in Sources */ = {isa = PBXBuildFile; fileRef = B919116E1FB42A0C005BE2CE /* ProfileViewController.swift */; };
		B91911711FB4CCA7005BE2CE /* VC+CubeManager.swift in Sources */ = {isa = PBXBuildFile; fileRef = B91911701FB4CCA7005BE2CE /* VC+CubeManager.swift */; };
		B91911731FB557CD005BE2CE /* VC+Rotate.swift in Sources */ = {isa = PBXBuildFile; fileRef = B91911721FB557CD005BE2CE /* VC+Rotate.swift */; };
		B91911751FB62898005BE2CE /* VC+Zoom.swift in Sources */ = {isa = PBXBuildFile; fileRef = B91911741FB62898005BE2CE /* VC+Zoom.swift */; };
		B91911771FB6C863005BE2CE /* RegisterViewController2.swift in Sources */ = {isa = PBXBuildFile; fileRef = B91911761FB6C863005BE2CE /* RegisterViewController2.swift */; };
		B919117A1FBA340E005BE2CE /* Node.swift in Sources */ = {isa = PBXBuildFile; fileRef = B91911791FBA340D005BE2CE /* Node.swift */; };
		B919117C1FBA3701005BE2CE /* dbPicture.swift in Sources */ = {isa = PBXBuildFile; fileRef = B919117B1FBA3701005BE2CE /* dbPicture.swift */; };
		B919117E1FBA4D2E005BE2CE /* Profile.storyboard in Resources */ = {isa = PBXBuildFile; fileRef = B919117D1FBA4D2E005BE2CE /* Profile.storyboard */; };
		B91911801FBA6163005BE2CE /* PreferencesViewController.swift in Sources */ = {isa = PBXBuildFile; fileRef = B919117F1FBA6163005BE2CE /* PreferencesViewController.swift */; };
		B91911831FBA8593005BE2CE /* ImageCell.swift in Sources */ = {isa = PBXBuildFile; fileRef = B91911821FBA8593005BE2CE /* ImageCell.swift */; };
		B91FA0F01F438C5C00FE1D73 /* LoginViewController.swift in Sources */ = {isa = PBXBuildFile; fileRef = B91FA0EF1F438C5C00FE1D73 /* LoginViewController.swift */; };
		B921EDB51FC7436A004369AD /* Cube.swift in Sources */ = {isa = PBXBuildFile; fileRef = B921EDB41FC7436A004369AD /* Cube.swift */; };
		B92632301F44B6A400894CA7 /* LoginFlowHandler.swift in Sources */ = {isa = PBXBuildFile; fileRef = B926322F1F44B6A400894CA7 /* LoginFlowHandler.swift */; };
		B92632321F45189A00894CA7 /* Login.storyboard in Resources */ = {isa = PBXBuildFile; fileRef = B92632311F45189A00894CA7 /* Login.storyboard */; };
		B92632351F451AC200894CA7 /* RegisterViewController.swift in Sources */ = {isa = PBXBuildFile; fileRef = B92632341F451AC200894CA7 /* RegisterViewController.swift */; };
		B926F22C1FA84E6B00DE0A3C /* VC+iOSPhotoEditor.swift in Sources */ = {isa = PBXBuildFile; fileRef = B926F22B1FA84E6B00DE0A3C /* VC+iOSPhotoEditor.swift */; };
		B92A276D1F99384400865B85 /* ViewController+Drag.swift in Sources */ = {isa = PBXBuildFile; fileRef = B92A276C1F99384400865B85 /* ViewController+Drag.swift */; };
		B92A276F1F993DE500865B85 /* ViewController+Drop.swift in Sources */ = {isa = PBXBuildFile; fileRef = B92A276E1F993DE500865B85 /* ViewController+Drop.swift */; };
		B92F516F1F972D55008EA2F6 /* MemeGrid.swift in Sources */ = {isa = PBXBuildFile; fileRef = B92F516E1F972D55008EA2F6 /* MemeGrid.swift */; };
		B92F51711F972FED008EA2F6 /* memes in Resources */ = {isa = PBXBuildFile; fileRef = B92F51701F972FEC008EA2F6 /* memes */; };
		B95313761F4C1D0B00D760E0 /* GoogleService-Info.plist in Resources */ = {isa = PBXBuildFile; fileRef = B9C88E8E1F4C1BA100B1C084 /* GoogleService-Info.plist */; };
		B9B1F89D1F9708AF001AC14E /* PlainGrid.swift in Sources */ = {isa = PBXBuildFile; fileRef = B9B1F89C1F9708AE001AC14E /* PlainGrid.swift */; };
		B9B1F89F1F971A42001AC14E /* gradients in Resources */ = {isa = PBXBuildFile; fileRef = B9B1F89E1F971A40001AC14E /* gradients */; };
		B9E9DF4E1FB0F9920062EC1C /* picto.png in Resources */ = {isa = PBXBuildFile; fileRef = B9E9DF4D1FB0F9920062EC1C /* picto.png */; };
		B9E9DF511FB2D5100062EC1C /* WelcomeViewController.swift in Sources */ = {isa = PBXBuildFile; fileRef = B9E9DF501FB2D50F0062EC1C /* WelcomeViewController.swift */; };
		B9E9DF531FB2DD5F0062EC1C /* draw.gif in Resources */ = {isa = PBXBuildFile; fileRef = B9E9DF521FB2DD5F0062EC1C /* draw.gif */; };
		B9E9DF551FB2E25B0062EC1C /* WelcomeViewController2.swift in Sources */ = {isa = PBXBuildFile; fileRef = B9E9DF541FB2E25B0062EC1C /* WelcomeViewController2.swift */; };
		B9E9DF571FB2E26B0062EC1C /* WelcomeViewController3.swift in Sources */ = {isa = PBXBuildFile; fileRef = B9E9DF561FB2E26B0062EC1C /* WelcomeViewController3.swift */; };
		B9E9DF591FB2E4250062EC1C /* wow.gif in Resources */ = {isa = PBXBuildFile; fileRef = B9E9DF581FB2E4250062EC1C /* wow.gif */; };
		B9E9DF5B1FB2E48A0062EC1C /* draganddrop.gif in Resources */ = {isa = PBXBuildFile; fileRef = B9E9DF5A1FB2E48A0062EC1C /* draganddrop.gif */; };
		C41366B91EB80DD400EC054A /* TextManager.swift in Sources */ = {isa = PBXBuildFile; fileRef = C41366B81EB80DD400EC054A /* TextManager.swift */; };
		C4FBC02B1EC6438B003F7864 /* ARCameraTrackingState.swift in Sources */ = {isa = PBXBuildFile; fileRef = C4FBC02A1EC6438B003F7864 /* ARCameraTrackingState.swift */; };
/* End PBXBuildFile section */

/* Begin PBXFileReference section */
		11063F3B1EBE651B0033EE6D /* README.md */ = {isa = PBXFileReference; lastKnownFileType = net.daringfireball.markdown; path = README.md; sourceTree = "<group>"; };
		3929C4881E89EC2C00E00B60 /* Picto.app */ = {isa = PBXFileReference; explicitFileType = wrapper.application; includeInIndex = 0; path = Picto.app; sourceTree = BUILT_PRODUCTS_DIR; };
		3929C48B1E89EC2C00E00B60 /* AppDelegate.swift */ = {isa = PBXFileReference; lastKnownFileType = sourcecode.swift; path = AppDelegate.swift; sourceTree = "<group>"; };
		3929C48D1E89EC2C00E00B60 /* ViewController.swift */ = {isa = PBXFileReference; lastKnownFileType = sourcecode.swift; path = ViewController.swift; sourceTree = "<group>"; };
		3929C4901E89EC2C00E00B60 /* Base */ = {isa = PBXFileReference; lastKnownFileType = file.storyboard; name = Base; path = Base.lproj/Main.storyboard; sourceTree = "<group>"; };
		3929C4921E89EC2C00E00B60 /* Assets.xcassets */ = {isa = PBXFileReference; lastKnownFileType = folder.assetcatalog; path = Assets.xcassets; sourceTree = "<group>"; };
		3929C4971E89EC2C00E00B60 /* Info.plist */ = {isa = PBXFileReference; lastKnownFileType = text.plist.xml; path = Info.plist; sourceTree = "<group>"; };
		3929C49E1E89EE4400E00B60 /* Models.scnassets */ = {isa = PBXFileReference; lastKnownFileType = wrapper.scnassets; path = Models.scnassets; sourceTree = "<group>"; };
		392BB82B1EA19A7C00FBBAC8 /* Plane.swift */ = {isa = PBXFileReference; fileEncoding = 4; lastKnownFileType = sourcecode.swift; path = Plane.swift; sourceTree = "<group>"; };
		39C0B9501E9C63CB003FCA0C /* HitTestVisualization.swift */ = {isa = PBXFileReference; fileEncoding = 4; lastKnownFileType = sourcecode.swift; path = HitTestVisualization.swift; sourceTree = "<group>"; };
		39C0B9571E9C6B1F003FCA0C /* SettingsViewController.swift */ = {isa = PBXFileReference; fileEncoding = 4; lastKnownFileType = sourcecode.swift; path = SettingsViewController.swift; sourceTree = "<group>"; };
		39C0B9581E9C6B1F003FCA0C /* Utilities.swift */ = {isa = PBXFileReference; fileEncoding = 4; lastKnownFileType = sourcecode.swift; path = Utilities.swift; sourceTree = "<group>"; };
		39D4A8BD1EA1AF530006EC65 /* PlaneDebugVisualization.swift */ = {isa = PBXFileReference; fileEncoding = 4; lastKnownFileType = sourcecode.swift; path = PlaneDebugVisualization.swift; sourceTree = "<group>"; };
		39D8DC1A1E8ADAE600386B05 /* LaunchScreen.storyboard */ = {isa = PBXFileReference; fileEncoding = 4; lastKnownFileType = file.storyboard; name = LaunchScreen.storyboard; path = Base.lproj/LaunchScreen.storyboard; sourceTree = "<group>"; };
		6382F6FD4ACD155B3D1BFAC1 /* Pods_Picto.framework */ = {isa = PBXFileReference; explicitFileType = wrapper.framework; includeInIndex = 0; path = Pods_Picto.framework; sourceTree = BUILT_PRODUCTS_DIR; };
		6A25DA4D1F159D3F00DD7AFC /* Location.swift */ = {isa = PBXFileReference; lastKnownFileType = sourcecode.swift; path = Location.swift; sourceTree = "<group>"; };
		6A3F5A261F3242860013A67D /* Extensions.swift */ = {isa = PBXFileReference; lastKnownFileType = sourcecode.swift; path = Extensions.swift; sourceTree = "<group>"; };
		6A3F5A2C1F3244DA0013A67D /* MenuBar.swift */ = {isa = PBXFileReference; lastKnownFileType = sourcecode.swift; path = MenuBar.swift; sourceTree = "<group>"; };
		6A61055B1F2A5589009C852E /* AudioToolbox.framework */ = {isa = PBXFileReference; lastKnownFileType = wrapper.framework; name = AudioToolbox.framework; path = System/Library/Frameworks/AudioToolbox.framework; sourceTree = SDKROOT; };
		6A6159351F105E7200715603 /* Picture.swift */ = {isa = PBXFileReference; lastKnownFileType = sourcecode.swift; path = Picture.swift; sourceTree = "<group>"; };
		6A6159AD1F1540AC00715603 /* CoreLocation.framework */ = {isa = PBXFileReference; lastKnownFileType = wrapper.framework; name = CoreLocation.framework; path = System/Library/Frameworks/CoreLocation.framework; sourceTree = SDKROOT; };
		6AB764CC1F1C2A42002975A7 /* UIImage+Gif.swift */ = {isa = PBXFileReference; lastKnownFileType = sourcecode.swift; name = "UIImage+Gif.swift"; path = "Carthage/Checkouts/SwiftGif/SwiftGifCommon/UIImage+Gif.swift"; sourceTree = SOURCE_ROOT; };
		6AB764CF1F1C2AEA002975A7 /* UIImage+Gif.swift */ = {isa = PBXFileReference; fileEncoding = 4; lastKnownFileType = sourcecode.swift; path = "UIImage+Gif.swift"; sourceTree = "<group>"; };
		6ABA87591F38EDEA00D7782C /* Content.swift */ = {isa = PBXFileReference; lastKnownFileType = sourcecode.swift; path = Content.swift; sourceTree = "<group>"; };
		6AD086981F3273110035B6BC /* LibraryGrid.swift */ = {isa = PBXFileReference; lastKnownFileType = sourcecode.swift; path = LibraryGrid.swift; sourceTree = "<group>"; };
		6AD0869B1F338BFF0035B6BC /* Alamofire.framework */ = {isa = PBXFileReference; lastKnownFileType = wrapper.framework; name = Alamofire.framework; path = "../../Library/Developer/Xcode/DerivedData/ARKitExample-gcladahytrxtuzgdrkqbdipyvwtm/Build/Products/Debug-iphoneos/Alamofire/Alamofire.framework"; sourceTree = "<group>"; };
		6AD0869D1F339FC10035B6BC /* SwiftyJSON.framework */ = {isa = PBXFileReference; lastKnownFileType = wrapper.framework; name = SwiftyJSON.framework; path = "../../Library/Developer/Xcode/DerivedData/ARKitExample-gcladahytrxtuzgdrkqbdipyvwtm/Build/Products/Debug-iphoneos/SwiftyJSON/SwiftyJSON.framework"; sourceTree = "<group>"; };
		6AD086A01F33E1210035B6BC /* GifGrid.swift */ = {isa = PBXFileReference; lastKnownFileType = sourcecode.swift; path = GifGrid.swift; sourceTree = "<group>"; };
		728B45F1746998C74EDE3AC1 /* Pods-Picto.debug.xcconfig */ = {isa = PBXFileReference; includeInIndex = 1; lastKnownFileType = text.xcconfig; name = "Pods-Picto.debug.xcconfig"; path = "Pods/Target Support Files/Pods-Picto/Pods-Picto.debug.xcconfig"; sourceTree = "<group>"; };
		785093E225056465736F643F /* Pods-Picto.release.xcconfig */ = {isa = PBXFileReference; includeInIndex = 1; lastKnownFileType = text.xcconfig; name = "Pods-Picto.release.xcconfig"; path = "Pods/Target Support Files/Pods-Picto/Pods-Picto.release.xcconfig"; sourceTree = "<group>"; };
		B90A8E131F2BCE7B00064CDA /* delete.png */ = {isa = PBXFileReference; lastKnownFileType = image.png; path = delete.png; sourceTree = "<group>"; };
		B919116E1FB42A0C005BE2CE /* ProfileViewController.swift */ = {isa = PBXFileReference; lastKnownFileType = sourcecode.swift; path = ProfileViewController.swift; sourceTree = "<group>"; };
		B91911701FB4CCA7005BE2CE /* VC+CubeManager.swift */ = {isa = PBXFileReference; lastKnownFileType = sourcecode.swift; path = "VC+CubeManager.swift"; sourceTree = "<group>"; };
		B91911721FB557CD005BE2CE /* VC+Rotate.swift */ = {isa = PBXFileReference; lastKnownFileType = sourcecode.swift; path = "VC+Rotate.swift"; sourceTree = "<group>"; };
		B91911741FB62898005BE2CE /* VC+Zoom.swift */ = {isa = PBXFileReference; lastKnownFileType = sourcecode.swift; path = "VC+Zoom.swift"; sourceTree = "<group>"; };
		B91911761FB6C863005BE2CE /* RegisterViewController2.swift */ = {isa = PBXFileReference; lastKnownFileType = sourcecode.swift; path = RegisterViewController2.swift; sourceTree = "<group>"; };
		B91911791FBA340D005BE2CE /* Node.swift */ = {isa = PBXFileReference; lastKnownFileType = sourcecode.swift; path = Node.swift; sourceTree = "<group>"; };
		B919117B1FBA3701005BE2CE /* dbPicture.swift */ = {isa = PBXFileReference; lastKnownFileType = sourcecode.swift; path = dbPicture.swift; sourceTree = "<group>"; };
		B919117D1FBA4D2E005BE2CE /* Profile.storyboard */ = {isa = PBXFileReference; lastKnownFileType = file.storyboard; path = Profile.storyboard; sourceTree = "<group>"; };
		B919117F1FBA6163005BE2CE /* PreferencesViewController.swift */ = {isa = PBXFileReference; lastKnownFileType = sourcecode.swift; path = PreferencesViewController.swift; sourceTree = "<group>"; };
		B91911821FBA8593005BE2CE /* ImageCell.swift */ = {isa = PBXFileReference; lastKnownFileType = sourcecode.swift; path = ImageCell.swift; sourceTree = "<group>"; };
		B91FA0EF1F438C5C00FE1D73 /* LoginViewController.swift */ = {isa = PBXFileReference; lastKnownFileType = sourcecode.swift; path = LoginViewController.swift; sourceTree = "<group>"; };
		B91FA0F11F43A5E800FE1D73 /* Picto.entitlements */ = {isa = PBXFileReference; lastKnownFileType = text.plist.entitlements; path = Picto.entitlements; sourceTree = "<group>"; };
		B921EDB41FC7436A004369AD /* Cube.swift */ = {isa = PBXFileReference; lastKnownFileType = sourcecode.swift; path = Cube.swift; sourceTree = "<group>"; };
		B926322F1F44B6A400894CA7 /* LoginFlowHandler.swift */ = {isa = PBXFileReference; lastKnownFileType = sourcecode.swift; path = LoginFlowHandler.swift; sourceTree = "<group>"; };
		B92632311F45189A00894CA7 /* Login.storyboard */ = {isa = PBXFileReference; lastKnownFileType = file.storyboard; path = Login.storyboard; sourceTree = "<group>"; };
		B92632341F451AC200894CA7 /* RegisterViewController.swift */ = {isa = PBXFileReference; lastKnownFileType = sourcecode.swift; path = RegisterViewController.swift; sourceTree = "<group>"; };
		B926F22B1FA84E6B00DE0A3C /* VC+iOSPhotoEditor.swift */ = {isa = PBXFileReference; lastKnownFileType = sourcecode.swift; path = "VC+iOSPhotoEditor.swift"; sourceTree = "<group>"; };
		B92A276C1F99384400865B85 /* ViewController+Drag.swift */ = {isa = PBXFileReference; lastKnownFileType = sourcecode.swift; path = "ViewController+Drag.swift"; sourceTree = "<group>"; };
		B92A276E1F993DE500865B85 /* ViewController+Drop.swift */ = {isa = PBXFileReference; lastKnownFileType = sourcecode.swift; path = "ViewController+Drop.swift"; sourceTree = "<group>"; };
		B92F516E1F972D55008EA2F6 /* MemeGrid.swift */ = {isa = PBXFileReference; lastKnownFileType = sourcecode.swift; path = MemeGrid.swift; sourceTree = "<group>"; };
		B92F51701F972FEC008EA2F6 /* memes */ = {isa = PBXFileReference; lastKnownFileType = folder; path = memes; sourceTree = "<group>"; };
		B9B1F89C1F9708AE001AC14E /* PlainGrid.swift */ = {isa = PBXFileReference; lastKnownFileType = sourcecode.swift; path = PlainGrid.swift; sourceTree = "<group>"; };
		B9B1F89E1F971A40001AC14E /* gradients */ = {isa = PBXFileReference; lastKnownFileType = folder; path = gradients; sourceTree = "<group>"; };
		B9C7210C1F8E7EE6006BB31D /* brick.jpg */ = {isa = PBXFileReference; lastKnownFileType = image.jpeg; path = brick.jpg; sourceTree = "<group>"; };
		B9C88E8E1F4C1BA100B1C084 /* GoogleService-Info.plist */ = {isa = PBXFileReference; lastKnownFileType = text.plist.xml; path = "GoogleService-Info.plist"; sourceTree = "<group>"; };
		B9E9DF4D1FB0F9920062EC1C /* picto.png */ = {isa = PBXFileReference; lastKnownFileType = image.png; path = picto.png; sourceTree = "<group>"; };
		B9E9DF501FB2D50F0062EC1C /* WelcomeViewController.swift */ = {isa = PBXFileReference; lastKnownFileType = sourcecode.swift; path = WelcomeViewController.swift; sourceTree = "<group>"; };
		B9E9DF521FB2DD5F0062EC1C /* draw.gif */ = {isa = PBXFileReference; lastKnownFileType = image.gif; path = draw.gif; sourceTree = "<group>"; };
		B9E9DF541FB2E25B0062EC1C /* WelcomeViewController2.swift */ = {isa = PBXFileReference; lastKnownFileType = sourcecode.swift; path = WelcomeViewController2.swift; sourceTree = "<group>"; };
		B9E9DF561FB2E26B0062EC1C /* WelcomeViewController3.swift */ = {isa = PBXFileReference; lastKnownFileType = sourcecode.swift; path = WelcomeViewController3.swift; sourceTree = "<group>"; };
		B9E9DF581FB2E4250062EC1C /* wow.gif */ = {isa = PBXFileReference; lastKnownFileType = image.gif; path = wow.gif; sourceTree = "<group>"; };
		B9E9DF5A1FB2E48A0062EC1C /* draganddrop.gif */ = {isa = PBXFileReference; lastKnownFileType = image.gif; path = draganddrop.gif; sourceTree = "<group>"; };
		C41366B81EB80DD400EC054A /* TextManager.swift */ = {isa = PBXFileReference; lastKnownFileType = sourcecode.swift; path = TextManager.swift; sourceTree = "<group>"; };
		C4FBC02A1EC6438B003F7864 /* ARCameraTrackingState.swift */ = {isa = PBXFileReference; fileEncoding = 4; lastKnownFileType = sourcecode.swift; path = ARCameraTrackingState.swift; sourceTree = "<group>"; };
		C7F76951F8992F473202F831 /* LICENSE.txt */ = {isa = PBXFileReference; includeInIndex = 1; lastKnownFileType = text; path = LICENSE.txt; sourceTree = "<group>"; };
/* End PBXFileReference section */

/* Begin PBXFrameworksBuildPhase section */
		3929C4851E89EC2C00E00B60 /* Frameworks */ = {
			isa = PBXFrameworksBuildPhase;
			buildActionMask = 2147483647;
			files = (
				6AD0869F1F33BF310035B6BC /* Alamofire.framework in Frameworks */,
				6AD0869E1F339FC10035B6BC /* SwiftyJSON.framework in Frameworks */,
				6A61055C1F2A5597009C852E /* AudioToolbox.framework in Frameworks */,
				6A6159AE1F1540B800715603 /* CoreLocation.framework in Frameworks */,
				6338D685C2EAF1AF967729BD /* Pods_Picto.framework in Frameworks */,
			);
			runOnlyForDeploymentPostprocessing = 0;
		};
/* End PBXFrameworksBuildPhase section */

/* Begin PBXGroup section */
		113B64D01ECA81CA0071CBD1 /* UI Elements */ = {
			isa = PBXGroup;
			children = (
				6AB764CC1F1C2A42002975A7 /* UIImage+Gif.swift */,
				392BB82B1EA19A7C00FBBAC8 /* Plane.swift */,
				39D4A8BD1EA1AF530006EC65 /* PlaneDebugVisualization.swift */,
				39C0B9501E9C63CB003FCA0C /* HitTestVisualization.swift */,
			);
			path = "UI Elements";
			sourceTree = "<group>";
		};
		3929C47F1E89EC2C00E00B60 = {
			isa = PBXGroup;
			children = (
				11063F3B1EBE651B0033EE6D /* README.md */,
				3929C48A1E89EC2C00E00B60 /* Picto */,
				3929C4891E89EC2C00E00B60 /* Products */,
				CC6CF3D48B06681D66F6DE20 /* Configuration */,
				9C8A8E986AF37F2203F141AB /* LICENSE */,
				5B688EC4F4AEBC95C78C501B /* Pods */,
				E23A930AB9F74D4889073628 /* Frameworks */,
			);
			sourceTree = "<group>";
		};
		3929C4891E89EC2C00E00B60 /* Products */ = {
			isa = PBXGroup;
			children = (
				3929C4881E89EC2C00E00B60 /* Picto.app */,
			);
			name = Products;
			sourceTree = "<group>";
		};
		3929C48A1E89EC2C00E00B60 /* Picto */ = {
			isa = PBXGroup;
			children = (
				B91FA0F11F43A5E800FE1D73 /* Picto.entitlements */,
				6A3F5A2A1F3244160013A67D /* Model */,
				6A3F5A281F3243B40013A67D /* View */,
				6A3F5A291F3243C40013A67D /* Controller */,
				6A25DA4D1F159D3F00DD7AFC /* Location.swift */,
				3929C48B1E89EC2C00E00B60 /* AppDelegate.swift */,
				B926322F1F44B6A400894CA7 /* LoginFlowHandler.swift */,
				6A3F5A2B1F3244240013A67D /* Helper */,
				113B64D01ECA81CA0071CBD1 /* UI Elements */,
				C41366B81EB80DD400EC054A /* TextManager.swift */,
				6A6159351F105E7200715603 /* Picture.swift */,
				C4FBC02A1EC6438B003F7864 /* ARCameraTrackingState.swift */,
				39C0B9581E9C6B1F003FCA0C /* Utilities.swift */,
				B90A8E131F2BCE7B00064CDA /* delete.png */,
				B9C7210C1F8E7EE6006BB31D /* brick.jpg */,
				3929C49E1E89EE4400E00B60 /* Models.scnassets */,
				3929C4921E89EC2C00E00B60 /* Assets.xcassets */,
				B92F51701F972FEC008EA2F6 /* memes */,
				B9B1F89E1F971A40001AC14E /* gradients */,
				B9C88E8E1F4C1BA100B1C084 /* GoogleService-Info.plist */,
				3929C4971E89EC2C00E00B60 /* Info.plist */,
				3929C48F1E89EC2C00E00B60 /* Main.storyboard */,
				B92632311F45189A00894CA7 /* Login.storyboard */,
				B919117D1FBA4D2E005BE2CE /* Profile.storyboard */,
				39D8DC1A1E8ADAE600386B05 /* LaunchScreen.storyboard */,
				B9E9DF4F1FB0F9A00062EC1C /* Images */,
			);
			path = Picto;
			sourceTree = "<group>";
		};
		5B688EC4F4AEBC95C78C501B /* Pods */ = {
			isa = PBXGroup;
			children = (
				728B45F1746998C74EDE3AC1 /* Pods-Picto.debug.xcconfig */,
				785093E225056465736F643F /* Pods-Picto.release.xcconfig */,
			);
			name = Pods;
			sourceTree = "<group>";
		};
		6A3F5A281F3243B40013A67D /* View */ = {
			isa = PBXGroup;
			children = (
				6A3F5A2C1F3244DA0013A67D /* MenuBar.swift */,
				6AD086981F3273110035B6BC /* LibraryGrid.swift */,
				6AD086A01F33E1210035B6BC /* GifGrid.swift */,
				B9B1F89C1F9708AE001AC14E /* PlainGrid.swift */,
				B92F516E1F972D55008EA2F6 /* MemeGrid.swift */,
				B91911821FBA8593005BE2CE /* ImageCell.swift */,
			);
			name = View;
			sourceTree = "<group>";
		};
		6A3F5A291F3243C40013A67D /* Controller */ = {
			isa = PBXGroup;
			children = (
				B92632331F451A6C00894CA7 /* LoginControllers */,
				3929C48D1E89EC2C00E00B60 /* ViewController.swift */,
				B91911781FB7A801005BE2CE /* VC+s */,
				39C0B9571E9C6B1F003FCA0C /* SettingsViewController.swift */,
				B91911811FBA6169005BE2CE /* ProfileControllers */,
			);
			name = Controller;
			sourceTree = "<group>";
		};
		6A3F5A2A1F3244160013A67D /* Model */ = {
			isa = PBXGroup;
			children = (
				6ABA87591F38EDEA00D7782C /* Content.swift */,
				B921EDB41FC7436A004369AD /* Cube.swift */,
				B91911791FBA340D005BE2CE /* Node.swift */,
				B919117B1FBA3701005BE2CE /* dbPicture.swift */,
			);
			name = Model;
			sourceTree = "<group>";
		};
		6A3F5A2B1F3244240013A67D /* Helper */ = {
			isa = PBXGroup;
			children = (
				6AB764CF1F1C2AEA002975A7 /* UIImage+Gif.swift */,
				6A3F5A261F3242860013A67D /* Extensions.swift */,
			);
			name = Helper;
			sourceTree = "<group>";
		};
		9C8A8E986AF37F2203F141AB /* LICENSE */ = {
			isa = PBXGroup;
			children = (
				C7F76951F8992F473202F831 /* LICENSE.txt */,
			);
			path = LICENSE;
			sourceTree = "<group>";
		};
		B91911781FB7A801005BE2CE /* VC+s */ = {
			isa = PBXGroup;
			children = (
				B926F22B1FA84E6B00DE0A3C /* VC+iOSPhotoEditor.swift */,
				B91911701FB4CCA7005BE2CE /* VC+CubeManager.swift */,
				B91911721FB557CD005BE2CE /* VC+Rotate.swift */,
				B91911741FB62898005BE2CE /* VC+Zoom.swift */,
				B92A276C1F99384400865B85 /* ViewController+Drag.swift */,
				B92A276E1F993DE500865B85 /* ViewController+Drop.swift */,
			);
			name = "VC+s";
			sourceTree = "<group>";
		};
		B91911811FBA6169005BE2CE /* ProfileControllers */ = {
			isa = PBXGroup;
			children = (
				B919116E1FB42A0C005BE2CE /* ProfileViewController.swift */,
				B919117F1FBA6163005BE2CE /* PreferencesViewController.swift */,
			);
			path = ProfileControllers;
			sourceTree = "<group>";
		};
		B92632331F451A6C00894CA7 /* LoginControllers */ = {
			isa = PBXGroup;
			children = (
				B91FA0EF1F438C5C00FE1D73 /* LoginViewController.swift */,
				B92632341F451AC200894CA7 /* RegisterViewController.swift */,
				B91911761FB6C863005BE2CE /* RegisterViewController2.swift */,
				B9E9DF501FB2D50F0062EC1C /* WelcomeViewController.swift */,
				B9E9DF541FB2E25B0062EC1C /* WelcomeViewController2.swift */,
				B9E9DF561FB2E26B0062EC1C /* WelcomeViewController3.swift */,
			);
			name = LoginControllers;
			sourceTree = "<group>";
		};
		B9E9DF4F1FB0F9A00062EC1C /* Images */ = {
			isa = PBXGroup;
			children = (
				B9E9DF521FB2DD5F0062EC1C /* draw.gif */,
				B9E9DF5A1FB2E48A0062EC1C /* draganddrop.gif */,
				B9E9DF4D1FB0F9920062EC1C /* picto.png */,
				B9E9DF581FB2E4250062EC1C /* wow.gif */,
			);
			name = Images;
			sourceTree = "<group>";
		};
		CC6CF3D48B06681D66F6DE20 /* Configuration */ = {
			isa = PBXGroup;
			children = (
			);
			name = Configuration;
			sourceTree = "<group>";
		};
		E23A930AB9F74D4889073628 /* Frameworks */ = {
			isa = PBXGroup;
			children = (
				6AD0869D1F339FC10035B6BC /* SwiftyJSON.framework */,
				6AD0869B1F338BFF0035B6BC /* Alamofire.framework */,
				6A61055B1F2A5589009C852E /* AudioToolbox.framework */,
				6A6159AD1F1540AC00715603 /* CoreLocation.framework */,
				6382F6FD4ACD155B3D1BFAC1 /* Pods_Picto.framework */,
			);
			name = Frameworks;
			sourceTree = "<group>";
		};
/* End PBXGroup section */

/* Begin PBXNativeTarget section */
		3929C4871E89EC2C00E00B60 /* Picto */ = {
			isa = PBXNativeTarget;
			buildConfigurationList = 3929C49A1E89EC2C00E00B60 /* Build configuration list for PBXNativeTarget "Picto" */;
			buildPhases = (
				FA5FBB375C3EBB085BE73247 /* [CP] Check Pods Manifest.lock */,
				3929C4841E89EC2C00E00B60 /* Sources */,
				3929C4851E89EC2C00E00B60 /* Frameworks */,
				3929C4861E89EC2C00E00B60 /* Resources */,
				9134AE337F1FB5007E88E0B8 /* [CP] Embed Pods Frameworks */,
				3A23A226777D893AFF3E7700 /* [CP] Copy Pods Resources */,
			);
			buildRules = (
			);
			dependencies = (
			);
			name = Picto;
			productName = ARKitExample;
			productReference = 3929C4881E89EC2C00E00B60 /* Picto.app */;
			productType = "com.apple.product-type.application";
		};
/* End PBXNativeTarget section */

/* Begin PBXProject section */
		3929C4801E89EC2C00E00B60 /* Project object */ = {
			isa = PBXProject;
			attributes = {
				LastSwiftUpdateCheck = 0900;
				LastUpgradeCheck = 0900;
				ORGANIZATIONNAME = Apple;
				TargetAttributes = {
					3929C4871E89EC2C00E00B60 = {
						CreatedOnToolsVersion = 9.0;
						DevelopmentTeam = 3JQ473334H;
						LastSwiftMigration = 0900;
						ProvisioningStyle = Automatic;
						SystemCapabilities = {
							com.apple.Keychain = {
								enabled = 1;
							};
						};
					};
				};
			};
			buildConfigurationList = 3929C4831E89EC2C00E00B60 /* Build configuration list for PBXProject "Picto" */;
			compatibilityVersion = "Xcode 3.2";
			developmentRegion = English;
			hasScannedForEncodings = 0;
			knownRegions = (
				en,
				Base,
			);
			mainGroup = 3929C47F1E89EC2C00E00B60;
			productRefGroup = 3929C4891E89EC2C00E00B60 /* Products */;
			projectDirPath = "";
			projectRoot = "";
			targets = (
				3929C4871E89EC2C00E00B60 /* Picto */,
			);
		};
/* End PBXProject section */

/* Begin PBXResourcesBuildPhase section */
		3929C4861E89EC2C00E00B60 /* Resources */ = {
			isa = PBXResourcesBuildPhase;
			buildActionMask = 2147483647;
			files = (
				B9E9DF591FB2E4250062EC1C /* wow.gif in Resources */,
				B9E9DF5B1FB2E48A0062EC1C /* draganddrop.gif in Resources */,
				3929C49F1E89EE4400E00B60 /* Models.scnassets in Resources */,
				B9B1F89F1F971A42001AC14E /* gradients in Resources */,
				B9E9DF531FB2DD5F0062EC1C /* draw.gif in Resources */,
				B919117E1FBA4D2E005BE2CE /* Profile.storyboard in Resources */,
				39D8DC1B1E8ADAE600386B05 /* LaunchScreen.storyboard in Resources */,
				B92632321F45189A00894CA7 /* Login.storyboard in Resources */,
				B92F51711F972FED008EA2F6 /* memes in Resources */,
				B9E9DF4E1FB0F9920062EC1C /* picto.png in Resources */,
				3929C4931E89EC2C00E00B60 /* Assets.xcassets in Resources */,
				3929C4911E89EC2C00E00B60 /* Main.storyboard in Resources */,
				B95313761F4C1D0B00D760E0 /* GoogleService-Info.plist in Resources */,
			);
			runOnlyForDeploymentPostprocessing = 0;
		};
/* End PBXResourcesBuildPhase section */

/* Begin PBXShellScriptBuildPhase section */
		3A23A226777D893AFF3E7700 /* [CP] Copy Pods Resources */ = {
			isa = PBXShellScriptBuildPhase;
			buildActionMask = 2147483647;
			files = (
			);
			inputPaths = (
			);
			name = "[CP] Copy Pods Resources";
			outputPaths = (
			);
			runOnlyForDeploymentPostprocessing = 0;
			shellPath = /bin/sh;
			shellScript = "\"${SRCROOT}/Pods/Target Support Files/Pods-Picto/Pods-Picto-resources.sh\"\n";
			showEnvVarsInLog = 0;
		};
		9134AE337F1FB5007E88E0B8 /* [CP] Embed Pods Frameworks */ = {
			isa = PBXShellScriptBuildPhase;
			buildActionMask = 2147483647;
			files = (
			);
			inputPaths = (
			);
			name = "[CP] Embed Pods Frameworks";
			outputPaths = (
			);
			runOnlyForDeploymentPostprocessing = 0;
			shellPath = /bin/sh;
			shellScript = "\"${SRCROOT}/Pods/Target Support Files/Pods-Picto/Pods-Picto-frameworks.sh\"\n";
			showEnvVarsInLog = 0;
		};
		FA5FBB375C3EBB085BE73247 /* [CP] Check Pods Manifest.lock */ = {
			isa = PBXShellScriptBuildPhase;
			buildActionMask = 2147483647;
			files = (
			);
			inputPaths = (
			);
			name = "[CP] Check Pods Manifest.lock";
			outputPaths = (
			);
			runOnlyForDeploymentPostprocessing = 0;
			shellPath = /bin/sh;
			shellScript = "diff \"${PODS_PODFILE_DIR_PATH}/Podfile.lock\" \"${PODS_ROOT}/Manifest.lock\" > /dev/null\nif [ $? != 0 ] ; then\n    # print error to STDERR\n    echo \"error: The sandbox is not in sync with the Podfile.lock. Run 'pod install' or update your CocoaPods installation.\" >&2\n    exit 1\nfi\n";
			showEnvVarsInLog = 0;
		};
/* End PBXShellScriptBuildPhase section */

/* Begin PBXSourcesBuildPhase section */
		3929C4841E89EC2C00E00B60 /* Sources */ = {
			isa = PBXSourcesBuildPhase;
			buildActionMask = 2147483647;
			files = (
				B9B1F89D1F9708AF001AC14E /* PlainGrid.swift in Sources */,
				B91911711FB4CCA7005BE2CE /* VC+CubeManager.swift in Sources */,
				B91FA0F01F438C5C00FE1D73 /* LoginViewController.swift in Sources */,
				B92632301F44B6A400894CA7 /* LoginFlowHandler.swift in Sources */,
				39C0B9511E9C63CB003FCA0C /* HitTestVisualization.swift in Sources */,
				3929C48E1E89EC2C00E00B60 /* ViewController.swift in Sources */,
				C41366B91EB80DD400EC054A /* TextManager.swift in Sources */,
				39C0B95A1E9C6B1F003FCA0C /* Utilities.swift in Sources */,
				B921EDB51FC7436A004369AD /* Cube.swift in Sources */,
				6AB764D01F1C2AEA002975A7 /* UIImage+Gif.swift in Sources */,
				6ABA875A1F38EDEA00D7782C /* Content.swift in Sources */,
				392BB82C1EA19A7C00FBBAC8 /* Plane.swift in Sources */,
				B91911801FBA6163005BE2CE /* PreferencesViewController.swift in Sources */,
				6A25DA4E1F159D3F00DD7AFC /* Location.swift in Sources */,
				B92A276F1F993DE500865B85 /* ViewController+Drop.swift in Sources */,
				B91911831FBA8593005BE2CE /* ImageCell.swift in Sources */,
				6AD086A11F33E1210035B6BC /* GifGrid.swift in Sources */,
				B919116F1FB42A0C005BE2CE /* ProfileViewController.swift in Sources */,
				B91911731FB557CD005BE2CE /* VC+Rotate.swift in Sources */,
				B92632351F451AC200894CA7 /* RegisterViewController.swift in Sources */,
				B91911751FB62898005BE2CE /* VC+Zoom.swift in Sources */,
				B92F516F1F972D55008EA2F6 /* MemeGrid.swift in Sources */,
				39D4A8BE1EA1AF530006EC65 /* PlaneDebugVisualization.swift in Sources */,
				B91911771FB6C863005BE2CE /* RegisterViewController2.swift in Sources */,
				39C0B9591E9C6B1F003FCA0C /* SettingsViewController.swift in Sources */,
				6AD086991F3273110035B6BC /* LibraryGrid.swift in Sources */,
				6A6159361F105E7200715603 /* Picture.swift in Sources */,
				B9E9DF511FB2D5100062EC1C /* WelcomeViewController.swift in Sources */,
				3929C48C1E89EC2C00E00B60 /* AppDelegate.swift in Sources */,
				B9E9DF571FB2E26B0062EC1C /* WelcomeViewController3.swift in Sources */,
				B919117A1FBA340E005BE2CE /* Node.swift in Sources */,
				C4FBC02B1EC6438B003F7864 /* ARCameraTrackingState.swift in Sources */,
				6A3F5A271F3242860013A67D /* Extensions.swift in Sources */,
				6A3F5A2D1F3244DA0013A67D /* MenuBar.swift in Sources */,
				B926F22C1FA84E6B00DE0A3C /* VC+iOSPhotoEditor.swift in Sources */,
				B92A276D1F99384400865B85 /* ViewController+Drag.swift in Sources */,
				B919117C1FBA3701005BE2CE /* dbPicture.swift in Sources */,
				B9E9DF551FB2E25B0062EC1C /* WelcomeViewController2.swift in Sources */,
			);
			runOnlyForDeploymentPostprocessing = 0;
		};
/* End PBXSourcesBuildPhase section */

/* Begin PBXVariantGroup section */
		3929C48F1E89EC2C00E00B60 /* Main.storyboard */ = {
			isa = PBXVariantGroup;
			children = (
				3929C4901E89EC2C00E00B60 /* Base */,
			);
			name = Main.storyboard;
			sourceTree = "<group>";
		};
/* End PBXVariantGroup section */

/* Begin XCBuildConfiguration section */
		3929C4981E89EC2C00E00B60 /* Debug */ = {
			isa = XCBuildConfiguration;
			buildSettings = {
				ALWAYS_SEARCH_USER_PATHS = NO;
				CLANG_ANALYZER_NONNULL = YES;
				CLANG_ANALYZER_NUMBER_OBJECT_CONVERSION = YES_AGGRESSIVE;
				CLANG_CXX_LANGUAGE_STANDARD = "gnu++0x";
				CLANG_CXX_LIBRARY = "libc++";
				CLANG_ENABLE_MODULES = YES;
				CLANG_ENABLE_OBJC_ARC = YES;
				CLANG_WARN_BLOCK_CAPTURE_AUTORELEASING = YES;
				CLANG_WARN_BOOL_CONVERSION = YES;
				CLANG_WARN_COMMA = YES;
				CLANG_WARN_CONSTANT_CONVERSION = YES;
				CLANG_WARN_DIRECT_OBJC_ISA_USAGE = YES_ERROR;
				CLANG_WARN_DOCUMENTATION_COMMENTS = YES;
				CLANG_WARN_EMPTY_BODY = YES;
				CLANG_WARN_ENUM_CONVERSION = YES;
				CLANG_WARN_INFINITE_RECURSION = YES;
				CLANG_WARN_INT_CONVERSION = YES;
				CLANG_WARN_NON_LITERAL_NULL_CONVERSION = YES;
				CLANG_WARN_OBJC_LITERAL_CONVERSION = YES;
				CLANG_WARN_OBJC_ROOT_CLASS = YES_ERROR;
				CLANG_WARN_RANGE_LOOP_ANALYSIS = YES;
				CLANG_WARN_STRICT_PROTOTYPES = YES;
				CLANG_WARN_SUSPICIOUS_MOVE = YES;
				CLANG_WARN_UNREACHABLE_CODE = YES;
				CLANG_WARN__DUPLICATE_METHOD_MATCH = YES;
				CODE_SIGN_IDENTITY = "iPhone Developer: andrewjzhou@gmail.com (WNF97V765Z)";
				"CODE_SIGN_IDENTITY[sdk=iphoneos*]" = "iPhone Developer: andrewjzhou@gmail.com (WNF97V765Z)";
				COPY_PHASE_STRIP = NO;
				DEBUG_INFORMATION_FORMAT = dwarf;
				ENABLE_STRICT_OBJC_MSGSEND = YES;
				ENABLE_TESTABILITY = YES;
				GCC_C_LANGUAGE_STANDARD = gnu99;
				GCC_DYNAMIC_NO_PIC = NO;
				GCC_NO_COMMON_BLOCKS = YES;
				GCC_OPTIMIZATION_LEVEL = 0;
				GCC_PREPROCESSOR_DEFINITIONS = (
					"DEBUG=1",
					"$(inherited)",
				);
				GCC_WARN_64_TO_32_BIT_CONVERSION = YES;
				GCC_WARN_ABOUT_RETURN_TYPE = YES_ERROR;
				GCC_WARN_UNDECLARED_SELECTOR = YES;
				GCC_WARN_UNINITIALIZED_AUTOS = YES_AGGRESSIVE;
				GCC_WARN_UNUSED_FUNCTION = YES;
				GCC_WARN_UNUSED_VARIABLE = YES;
				IPHONEOS_DEPLOYMENT_TARGET = 11.0;
				MTL_ENABLE_DEBUG_INFO = YES;
				ONLY_ACTIVE_ARCH = YES;
				SDKROOT = iphoneos;
				SWIFT_ACTIVE_COMPILATION_CONDITIONS = DEBUG;
				SWIFT_OPTIMIZATION_LEVEL = "-Onone";
				TARGETED_DEVICE_FAMILY = "1,2";
			};
			name = Debug;
		};
		3929C4991E89EC2C00E00B60 /* Release */ = {
			isa = XCBuildConfiguration;
			buildSettings = {
				ALWAYS_SEARCH_USER_PATHS = NO;
				CLANG_ANALYZER_NONNULL = YES;
				CLANG_ANALYZER_NUMBER_OBJECT_CONVERSION = YES_AGGRESSIVE;
				CLANG_CXX_LANGUAGE_STANDARD = "gnu++0x";
				CLANG_CXX_LIBRARY = "libc++";
				CLANG_ENABLE_MODULES = YES;
				CLANG_ENABLE_OBJC_ARC = YES;
				CLANG_WARN_BLOCK_CAPTURE_AUTORELEASING = YES;
				CLANG_WARN_BOOL_CONVERSION = YES;
				CLANG_WARN_COMMA = YES;
				CLANG_WARN_CONSTANT_CONVERSION = YES;
				CLANG_WARN_DIRECT_OBJC_ISA_USAGE = YES_ERROR;
				CLANG_WARN_DOCUMENTATION_COMMENTS = YES;
				CLANG_WARN_EMPTY_BODY = YES;
				CLANG_WARN_ENUM_CONVERSION = YES;
				CLANG_WARN_INFINITE_RECURSION = YES;
				CLANG_WARN_INT_CONVERSION = YES;
				CLANG_WARN_NON_LITERAL_NULL_CONVERSION = YES;
				CLANG_WARN_OBJC_LITERAL_CONVERSION = YES;
				CLANG_WARN_OBJC_ROOT_CLASS = YES_ERROR;
				CLANG_WARN_RANGE_LOOP_ANALYSIS = YES;
				CLANG_WARN_STRICT_PROTOTYPES = YES;
				CLANG_WARN_SUSPICIOUS_MOVE = YES;
				CLANG_WARN_UNREACHABLE_CODE = YES;
				CLANG_WARN__DUPLICATE_METHOD_MATCH = YES;
				CODE_SIGN_IDENTITY = "iPhone Developer: andrewjzhou@gmail.com (WNF97V765Z)";
				"CODE_SIGN_IDENTITY[sdk=iphoneos*]" = "iPhone Developer: andrewjzhou@gmail.com (WNF97V765Z)";
				COPY_PHASE_STRIP = NO;
				DEBUG_INFORMATION_FORMAT = "dwarf-with-dsym";
				ENABLE_NS_ASSERTIONS = NO;
				ENABLE_STRICT_OBJC_MSGSEND = YES;
				GCC_C_LANGUAGE_STANDARD = gnu99;
				GCC_NO_COMMON_BLOCKS = YES;
				GCC_WARN_64_TO_32_BIT_CONVERSION = YES;
				GCC_WARN_ABOUT_RETURN_TYPE = YES_ERROR;
				GCC_WARN_UNDECLARED_SELECTOR = YES;
				GCC_WARN_UNINITIALIZED_AUTOS = YES_AGGRESSIVE;
				GCC_WARN_UNUSED_FUNCTION = YES;
				GCC_WARN_UNUSED_VARIABLE = YES;
				IPHONEOS_DEPLOYMENT_TARGET = 11.0;
				MTL_ENABLE_DEBUG_INFO = NO;
				SDKROOT = iphoneos;
				SWIFT_OPTIMIZATION_LEVEL = "-Owholemodule";
				TARGETED_DEVICE_FAMILY = "1,2";
				VALIDATE_PRODUCT = YES;
			};
			name = Release;
		};
		3929C49B1E89EC2C00E00B60 /* Debug */ = {
			isa = XCBuildConfiguration;
			baseConfigurationReference = 728B45F1746998C74EDE3AC1 /* Pods-Picto.debug.xcconfig */;
			buildSettings = {
				ASSETCATALOG_COMPILER_APPICON_NAME = AppIcon;
				ASSETCATALOG_COMPILER_LAUNCHIMAGE_NAME = LaunchImage;
				CODE_SIGN_ENTITLEMENTS = Picto/Picto.entitlements;
				CODE_SIGN_IDENTITY = "-";
				"CODE_SIGN_IDENTITY[sdk=iphoneos*]" = "iPhone Developer";
				CODE_SIGN_STYLE = Automatic;
				DEVELOPMENT_TEAM = 3JQ473334H;
				INFOPLIST_FILE = "$(SRCROOT)/Picto/Info.plist";
				LD_RUNPATH_SEARCH_PATHS = "$(inherited) @executable_path/Frameworks";
				PRODUCT_BUNDLE_IDENTIFIER = com.andreasdias.Picto;
				PRODUCT_NAME = "$(TARGET_NAME)";
				PROVISIONING_PROFILE_SPECIFIER = "";
				SWIFT_SWIFT3_OBJC_INFERENCE = Default;
				SWIFT_VERSION = 4.0;
				TARGETED_DEVICE_FAMILY = "1,2";
			};
			name = Debug;
		};
		3929C49C1E89EC2C00E00B60 /* Release */ = {
			isa = XCBuildConfiguration;
			baseConfigurationReference = 785093E225056465736F643F /* Pods-Picto.release.xcconfig */;
			buildSettings = {
				ASSETCATALOG_COMPILER_APPICON_NAME = AppIcon;
				ASSETCATALOG_COMPILER_LAUNCHIMAGE_NAME = LaunchImage;
				CODE_SIGN_ENTITLEMENTS = Picto/Picto.entitlements;
				CODE_SIGN_IDENTITY = "-";
				"CODE_SIGN_IDENTITY[sdk=iphoneos*]" = "iPhone Developer";
				CODE_SIGN_STYLE = Automatic;
				DEVELOPMENT_TEAM = 3JQ473334H;
				INFOPLIST_FILE = "$(SRCROOT)/Picto/Info.plist";
				LD_RUNPATH_SEARCH_PATHS = "$(inherited) @executable_path/Frameworks";
				PRODUCT_BUNDLE_IDENTIFIER = com.andreasdias.Picto;
				PRODUCT_NAME = "$(TARGET_NAME)";
				PROVISIONING_PROFILE_SPECIFIER = "";
				SWIFT_SWIFT3_OBJC_INFERENCE = Default;
				SWIFT_VERSION = 4.0;
				TARGETED_DEVICE_FAMILY = "1,2";
			};
			name = Release;
		};
/* End XCBuildConfiguration section */

/* Begin XCConfigurationList section */
		3929C4831E89EC2C00E00B60 /* Build configuration list for PBXProject "Picto" */ = {
			isa = XCConfigurationList;
			buildConfigurations = (
				3929C4981E89EC2C00E00B60 /* Debug */,
				3929C4991E89EC2C00E00B60 /* Release */,
			);
			defaultConfigurationIsVisible = 0;
			defaultConfigurationName = Release;
		};
		3929C49A1E89EC2C00E00B60 /* Build configuration list for PBXNativeTarget "Picto" */ = {
			isa = XCConfigurationList;
			buildConfigurations = (
				3929C49B1E89EC2C00E00B60 /* Debug */,
				3929C49C1E89EC2C00E00B60 /* Release */,
			);
			defaultConfigurationIsVisible = 0;
			defaultConfigurationName = Release;
		};
/* End XCConfigurationList section */
	};
	rootObject = 3929C4801E89EC2C00E00B60 /* Project object */;
}
